
Microsoft Visual Studio Solution File, Format Version 11.00
# Visual Studio 2010
Project("{E24C65DC-7377-472B-9ABA-BC803B73C61A}") = "teknik", ".", "{778FF762-8910-4BC6-ADDD-9612D1C492E5}"
	ProjectSection(WebsiteProperties) = preProject
		TargetFrameworkMoniker = ".NETFramework,Version%3Dv4.0"
		Debug.AspNetCompiler.VirtualPath = "/teknik"
		Debug.AspNetCompiler.PhysicalPath = "..\..\..\..\Desktop\teknik\"
		Debug.AspNetCompiler.TargetPath = "PrecompiledWeb\teknik\"
		Debug.AspNetCompiler.Updateable = "true"
		Debug.AspNetCompiler.ForceOverwrite = "true"
		Debug.AspNetCompiler.FixedNames = "false"
		Debug.AspNetCompiler.Debug = "True"
		Release.AspNetCompiler.VirtualPath = "/teknik"
		Release.AspNetCompiler.PhysicalPath = "..\..\..\..\Desktop\teknik\"
		Release.AspNetCompiler.TargetPath = "PrecompiledWeb\teknik\"
		Release.AspNetCompiler.Updateable = "true"
		Release.AspNetCompiler.ForceOverwrite = "true"
		Release.AspNetCompiler.FixedNames = "false"
		Release.AspNetCompiler.Debug = "False"
		VWDPort = "2778"
	EndProjectSection
EndProject
Global
	GlobalSection(SolutionConfigurationPlatforms) = preSolution
		Debug|Any CPU = Debug|Any CPU
	EndGlobalSection
	GlobalSection(ProjectConfigurationPlatforms) = postSolution
		{778FF762-8910-4BC6-ADDD-9612D1C492E5}.Debug|Any CPU.ActiveCfg = Debug|Any CPU
		{778FF762-8910-4BC6-ADDD-9612D1C492E5}.Debug|Any CPU.Build.0 = Debug|Any CPU
	EndGlobalSection
	GlobalSection(SolutionProperties) = preSolution
		HideSolutionNode = FALSE
	EndGlobalSection
EndGlobal
